
Microsoft Visual Studio Solution File, Format Version 12.00
# Visual Studio Version 17
VisualStudioVersion = 17.13.35919.96 d17.13
MinimumVisualStudioVersion = 10.0.40219.1
Project("{FAE04EC0-301F-11D3-BF4B-00C04F79EFBC}") = "WatchIp.SDK", "WatchIp.SDK.csproj", "{6315BC31-46CB-4572-9AD6-3F94900C89FC}"
EndProject
Global
	GlobalSection(SolutionConfigurationPlatforms) = preSolution
		Debug|Any CPU = Debug|Any CPU
		Release|Any CPU = Release|Any CPU
	EndGlobalSection
	GlobalSection(ProjectConfigurationPlatforms) = postSolution
		{6315BC31-46CB-4572-9AD6-3F94900C89FC}.Debug|Any CPU.ActiveCfg = Debug|Any CPU
		{6315BC31-46CB-4572-9AD6-3F94900C89FC}.Debug|Any CPU.Build.0 = Debug|Any CPU
		{6315BC31-46CB-4572-9AD6-3F94900C89FC}.Release|Any CPU.ActiveCfg = Release|Any CPU
		{6315BC31-46CB-4572-9AD6-3F94900C89FC}.Release|Any CPU.Build.0 = Release|Any CPU
	EndGlobalSection
	GlobalSection(SolutionProperties) = preSolution
		HideSolutionNode = FALSE
	EndGlobalSection
	GlobalSection(ExtensibilityGlobals) = postSolution
		SolutionGuid = {88C93621-F530-42B9-B9CB-F36A3064E62F}
	EndGlobalSection
EndGlobal
